Microsoft Visual Studio Solution File, Format Version 12.00
# Visual Studio Version 17
VisualStudioVersion = 17.5.2.0
MinimumVisualStudioVersion = 10.0.40219.1
Project("{FAE04EC0-301F-11D3-BF4B-00C04F79EFBC}") = "LabExam1", "LabExam1.csproj", "{D285F704-53E1-328D-E8F1-9AE9770FB638}"
EndProject
Global
	GlobalSection(SolutionConfigurationPlatforms) = preSolution
		Debug|Any CPU = Debug|Any CPU
		Release|Any CPU = Release|Any CPU
	EndGlobalSection
	GlobalSection(ProjectConfigurationPlatforms) = postSolution
		{D285F704-53E1-328D-E8F1-9AE9770FB638}.Debug|Any CPU.ActiveCfg = Debug|Any CPU
		{D285F704-53E1-328D-E8F1-9AE9770FB638}.Debug|Any CPU.Build.0 = Debug|Any CPU
		{D285F704-53E1-328D-E8F1-9AE9770FB638}.Release|Any CPU.ActiveCfg = Release|Any CPU
		{D285F704-53E1-328D-E8F1-9AE9770FB638}.Release|Any CPU.Build.0 = Release|Any CPU
	EndGlobalSection
	GlobalSection(SolutionProperties) = preSolution
		HideSolutionNode = FALSE
	EndGlobalSection
	GlobalSection(ExtensibilityGlobals) = postSolution
		SolutionGuid = {DB5F34DB-4146-4275-9010-DBF54060ACBA}
	EndGlobalSection
EndGlobal
